
Microsoft Visual Studio Solution File, Format Version 12.00
# Visual Studio 15
VisualStudioVersion = 15.0.28010.2050
MinimumVisualStudioVersion = 10.0.40219.1
Project("{FAE04EC0-301F-11D3-BF4B-00C04F79EFBC}") = "ChangeFileContent", "ChangeFileContent\ChangeFileContent.csproj", "{5CA9E6C6-5C93-4D04-A52D-939E93524147}"
EndProject
Global
	GlobalSection(SolutionConfigurationPlatforms) = preSolution
		Debug|Any CPU = Debug|Any CPU
		Release|Any CPU = Release|Any CPU
	EndGlobalSection
	GlobalSection(ProjectConfigurationPlatforms) = postSolution
		{5CA9E6C6-5C93-4D04-A52D-939E93524147}.Debug|Any CPU.ActiveCfg = Debug|Any CPU
		{5CA9E6C6-5C93-4D04-A52D-939E93524147}.Debug|Any CPU.Build.0 = Debug|Any CPU
		{5CA9E6C6-5C93-4D04-A52D-939E93524147}.Release|Any CPU.ActiveCfg = Release|Any CPU
		{5CA9E6C6-5C93-4D04-A52D-939E93524147}.Release|Any CPU.Build.0 = Release|Any CPU
	EndGlobalSection
	GlobalSection(SolutionProperties) = preSolution
		HideSolutionNode = FALSE
	EndGlobalSection
	GlobalSection(ExtensibilityGlobals) = postSolution
		SolutionGuid = {D3855A0D-ABD4-4AA6-BDED-D517271FDB8E}
	EndGlobalSection
EndGlobal
